{
  "version": 4,
  "terraform_version": "1.14.8",
  "serial": 3,
  "lineage": "8fc28594-2f24-b03f-b581-0667c1acdc70",
  "outputs": {},
  "resources": [
    {
      "mode": "managed",
      "type": "local_file",
      "name": "my",
      "provider": "provider[\"registry.terraform.io/hashicorp/local\"]",
      "instances": [
        {
          "schema_version": 0,
          "attributes": {
            "content": "hello mitranno",
            "content_base64": null,
            "content_base64sha256": "Ok5aBtgomTFIVnhXRUQTIVvwt+o7lYguTUS9c1y5exg=",
            "content_base64sha512": "/4emZxIOv1mZuFkZ4PLkbQpOH697JYkFfoW7Y7EGKNLvRTMmEpxzQol6ef4DMTc2tzAzQtswIFBCZdT2jGCs9g==",
            "content_md5": "d70576cce6d61e9f4197dca1772798e9",
            "content_sha1": "6cde1f5588ce9a2836885353c9ca43f6fa9eb030",
            "content_sha256": "3a4e5a06d828993148567857454413215bf0b7ea3b95882e4d44bd735cb97b18",
            "content_sha512": "ff87a667120ebf5999b85919e0f2e46d0a4e1faf7b2589057e85bb63b10628d2ef453326129c7342897a79fe03313736b7303342db3020504265d4f68c60acf6",
            "directory_permission": "0777",
            "file_permission": "0777",
            "filename": "/mnt/friends.html",
            "id": "6cde1f5588ce9a2836885353c9ca43f6fa9eb030",
            "sensitive_content": null,
            "source": null
          },
          "sensitive_attributes": [
            [
              {
                "type": "get_attr",
                "value": "sensitive_content"
              }
            ]
          ],
          "identity_schema_version": 0
        }
      ]
    },
    {
      "mode": "managed",
      "type": "local_file",
      "name": "sawalsur",
      "provider": "provider[\"registry.terraform.io/hashicorp/local\"]",
      "instances": [
        {
          "schema_version": 0,
          "attributes": {
            "content": "hello Gavkari",
            "content_base64": null,
            "content_base64sha256": "abJpcjonq+ONa7qkmLyC5Wh8qMRjPgi13P0qQwP//Kw=",
            "content_base64sha512": "b7i/ZWbNtKeLvQ+B/SVNr6pXQME5duoU63Kl4SDRjN2cUEiOYfYfJ1T2Q0pDrcS8XIl6ntbLOA1leYe0wD5zgA==",
            "content_md5": "f1da3c6623c0d693c3fdf43d08e0f46a",
            "content_sha1": "3adbba92f9601d220f8d6ef1af3c0d626960ae57",
            "content_sha256": "69b269723a27abe38d6bbaa498bc82e5687ca8c4633e08b5dcfd2a4303fffcac",
            "content_sha512": "6fb8bf6566cdb4a78bbd0f81fd254dafaa5740c13976ea14eb72a5e120d18cdd9c50488e61f61f2754f6434a43adc4bc5c897a9ed6cb380d657987b4c03e7380",
            "directory_permission": "0777",
            "file_permission": "0777",
            "filename": "/mnt/farm.html",
            "id": "3adbba92f9601d220f8d6ef1af3c0d626960ae57",
            "sensitive_content": null,
            "source": null
          },
          "sensitive_attributes": [
            [
              {
                "type": "get_attr",
                "value": "sensitive_content"
              }
            ]
          ],
          "identity_schema_version": 0
        }
      ]
    }
  ],
  "check_results": null
}
